
Microsoft Visual Studio Solution File, Format Version 12.00
# Visual Studio Version 16
VisualStudioVersion = 16.0.30907.101
MinimumVisualStudioVersion = 10.0.40219.1
Project("{9A19103F-16F7-4668-BE54-9A1E7A4F7556}") = "Gusboy", "Gusboy\Gusboy.csproj", "{7B0FF204-FB15-482E-A536-FF3A0E08895C}"
EndProject
Project("{2150E333-8FDC-42A3-9474-1A3956D46DE8}") = "Solution Items", "Solution Items", "{A4765242-4C2E-498B-B2A0-00C3770C6532}"
	ProjectSection(SolutionItems) = preProject
		.editorconfig = .editorconfig
	EndProjectSection
EndProject
Project("{9A19103F-16F7-4668-BE54-9A1E7A4F7556}") = "WinFormsUI", "WinFormsUI\WinFormsUI.csproj", "{8059A563-6F71-47BC-827F-D23969B743BF}"
EndProject
Project("{9A19103F-16F7-4668-BE54-9A1E7A4F7556}") = "GusboyGbsPlayer", "GusboyGbsPlayer\GusboyGbsPlayer.csproj", "{0A593193-0826-4225-8860-FAFF8C697D21}"
EndProject
Project("{9A19103F-16F7-4668-BE54-9A1E7A4F7556}") = "SdlUI", "SdlUI\SdlUI.csproj", "{4AAA82DD-3CC6-4479-BCC1-C7AE42804D77}"
EndProject
Global
	GlobalSection(SolutionConfigurationPlatforms) = preSolution
		Debug|Any CPU = Debug|Any CPU
		Release|Any CPU = Release|Any CPU
	EndGlobalSection
	GlobalSection(ProjectConfigurationPlatforms) = postSolution
		{7B0FF204-FB15-482E-A536-FF3A0E08895C}.Debug|Any CPU.ActiveCfg = Debug|Any CPU
		{7B0FF204-FB15-482E-A536-FF3A0E08895C}.Debug|Any CPU.Build.0 = Debug|Any CPU
		{7B0FF204-FB15-482E-A536-FF3A0E08895C}.Release|Any CPU.ActiveCfg = Release|Any CPU
		{7B0FF204-FB15-482E-A536-FF3A0E08895C}.Release|Any CPU.Build.0 = Release|Any CPU
		{8059A563-6F71-47BC-827F-D23969B743BF}.Debug|Any CPU.ActiveCfg = Debug|Any CPU
		{8059A563-6F71-47BC-827F-D23969B743BF}.Release|Any CPU.ActiveCfg = Release|Any CPU
		{0A593193-0826-4225-8860-FAFF8C697D21}.Debug|Any CPU.ActiveCfg = Debug|Any CPU
		{0A593193-0826-4225-8860-FAFF8C697D21}.Debug|Any CPU.Build.0 = Debug|Any CPU
		{0A593193-0826-4225-8860-FAFF8C697D21}.Release|Any CPU.ActiveCfg = Release|Any CPU
		{0A593193-0826-4225-8860-FAFF8C697D21}.Release|Any CPU.Build.0 = Release|Any CPU
		{4AAA82DD-3CC6-4479-BCC1-C7AE42804D77}.Debug|Any CPU.ActiveCfg = Debug|Any CPU
		{4AAA82DD-3CC6-4479-BCC1-C7AE42804D77}.Debug|Any CPU.Build.0 = Debug|Any CPU
		{4AAA82DD-3CC6-4479-BCC1-C7AE42804D77}.Release|Any CPU.ActiveCfg = Release|Any CPU
		{4AAA82DD-3CC6-4479-BCC1-C7AE42804D77}.Release|Any CPU.Build.0 = Release|Any CPU
	EndGlobalSection
	GlobalSection(SolutionProperties) = preSolution
		HideSolutionNode = FALSE
	EndGlobalSection
	GlobalSection(ExtensibilityGlobals) = postSolution
		SolutionGuid = {BC6B2E24-46C3-4F22-836B-E785871229F8}
	EndGlobalSection
	GlobalSection(Performance) = preSolution
		HasPerformanceSessions = true
	EndGlobalSection
EndGlobal
